
Microsoft Visual Studio Solution File, Format Version 12.00
# Visual Studio Version 17
VisualStudioVersion = 17.5.33502.453
MinimumVisualStudioVersion = 10.0.40219.1
Project("{FAE04EC0-301F-11D3-BF4B-00C04F79EFBC}") = "AllureReport_AdactineHotel", "AllureReport_AdactineHotel\AllureReport_AdactineHotel.csproj", "{B855299F-38C1-466A-86E9-11954E3E89A0}"
EndProject
Global
	GlobalSection(SolutionConfigurationPlatforms) = preSolution
		Debug|Any CPU = Debug|Any CPU
		Release|Any CPU = Release|Any CPU
	EndGlobalSection
	GlobalSection(ProjectConfigurationPlatforms) = postSolution
		{B855299F-38C1-466A-86E9-11954E3E89A0}.Debug|Any CPU.ActiveCfg = Debug|Any CPU
		{B855299F-38C1-466A-86E9-11954E3E89A0}.Debug|Any CPU.Build.0 = Debug|Any CPU
		{B855299F-38C1-466A-86E9-11954E3E89A0}.Release|Any CPU.ActiveCfg = Release|Any CPU
		{B855299F-38C1-466A-86E9-11954E3E89A0}.Release|Any CPU.Build.0 = Release|Any CPU
	EndGlobalSection
	GlobalSection(SolutionProperties) = preSolution
		HideSolutionNode = FALSE
	EndGlobalSection
	GlobalSection(ExtensibilityGlobals) = postSolution
		SolutionGuid = {ACBF893A-47FD-4979-8A6C-FDAFC26ADD92}
	EndGlobalSection
EndGlobal
